// !$*UTF8*$!
{
	archiveVersion = 1;
	classes = {
	};
	objectVersion = 55;
	objects = {

/* Begin PBXBuildFile section */
		05D1E87506B50F9E80900E68 /* Pods_Education.framework in Frameworks */ = {isa = PBXBuildFile; fileRef = A283727850B7682952F8EAC5 /* Pods_Education.framework */; };
		24142E7A28ECC1CD00873E82 /* MainScreenViewEvents.swift in Sources */ = {isa = PBXBuildFile; fileRef = 24142E7928ECC1CD00873E82 /* MainScreenViewEvents.swift */; };
		24142E8428ED86E700873E82 /* CharactersCollectionViewCell.swift in Sources */ = {isa = PBXBuildFile; fileRef = 24142E8328ED86E700873E82 /* CharactersCollectionViewCell.swift */; };
		242508BC291432D000E1CD27 /* SwingerListViewController.swift in Sources */ = {isa = PBXBuildFile; fileRef = 242508BB291432D000E1CD27 /* SwingerListViewController.swift */; };
		242508BF2914330100E1CD27 /* SwingerListView.swift in Sources */ = {isa = PBXBuildFile; fileRef = 242508BE2914330100E1CD27 /* SwingerListView.swift */; };
		242508C12914366000E1CD27 /* SwingerTableViewCell.swift in Sources */ = {isa = PBXBuildFile; fileRef = 242508C02914366000E1CD27 /* SwingerTableViewCell.swift */; };
		242B8E03291AAD400074378F /* HeroesViewController.swift in Sources */ = {isa = PBXBuildFile; fileRef = 242B8E02291AAD400074378F /* HeroesViewController.swift */; };
		242B8E07291AAE130074378F /* HeroesCollectionViewCell.swift in Sources */ = {isa = PBXBuildFile; fileRef = 242B8E06291AAE130074378F /* HeroesCollectionViewCell.swift */; };
		242B8E09291AAFD50074378F /* HeroesView.swift in Sources */ = {isa = PBXBuildFile; fileRef = 242B8E08291AAFD50074378F /* HeroesView.swift */; };
		2459CF8328F9CE3000507DD7 /* DetailTabelView.swift in Sources */ = {isa = PBXBuildFile; fileRef = 2459CF8228F9CE3000507DD7 /* DetailTabelView.swift */; };
		2459CF8528F9CE4A00507DD7 /* DetailTableViewController.swift in Sources */ = {isa = PBXBuildFile; fileRef = 2459CF8428F9CE4A00507DD7 /* DetailTableViewController.swift */; };
		633883182917F08D001CEB65 /* ApiClient.swift in Sources */ = {isa = PBXBuildFile; fileRef = 633883172917F08D001CEB65 /* ApiClient.swift */; };
		6338831A2917F093001CEB65 /* Service.swift in Sources */ = {isa = PBXBuildFile; fileRef = 633883192917F093001CEB65 /* Service.swift */; };
		6338831C2917F09B001CEB65 /* Provider.swift in Sources */ = {isa = PBXBuildFile; fileRef = 6338831B2917F09B001CEB65 /* Provider.swift */; };
		6338831E2917F0A2001CEB65 /* Response.swift in Sources */ = {isa = PBXBuildFile; fileRef = 6338831D2917F0A2001CEB65 /* Response.swift */; };
		633883232917F46C001CEB65 /* UIImageView+Ext.swift in Sources */ = {isa = PBXBuildFile; fileRef = 633883222917F46C001CEB65 /* UIImageView+Ext.swift */; };
		633883252917F4B8001CEB65 /* ImagePreloaderView.swift in Sources */ = {isa = PBXBuildFile; fileRef = 633883242917F4B8001CEB65 /* ImagePreloaderView.swift */; };
		63D7209528E6D0930026D7E5 /* Assets.xcassets in Resources */ = {isa = PBXBuildFile; fileRef = 63D7209428E6D0930026D7E5 /* Assets.xcassets */; };
		63D7209828E6D0930026D7E5 /* LaunchScreen.storyboard in Resources */ = {isa = PBXBuildFile; fileRef = 63D7209628E6D0930026D7E5 /* LaunchScreen.storyboard */; };
		63D720B828E72FAB0026D7E5 /* AppDelegate.swift in Sources */ = {isa = PBXBuildFile; fileRef = 63D720B728E72FAB0026D7E5 /* AppDelegate.swift */; };
		63D720BA28E72FEF0026D7E5 /* Coordinator.swift in Sources */ = {isa = PBXBuildFile; fileRef = 63D720B928E72FEF0026D7E5 /* Coordinator.swift */; };
		63D720BC28E7300C0026D7E5 /* RouterProtocol.swift in Sources */ = {isa = PBXBuildFile; fileRef = 63D720BB28E7300C0026D7E5 /* RouterProtocol.swift */; };
		63D720C128E731650026D7E5 /* BaseFont.swift in Sources */ = {isa = PBXBuildFile; fileRef = 63D720C028E731650026D7E5 /* BaseFont.swift */; };
		63D720C328E7318C0026D7E5 /* SchemeColor.swift in Sources */ = {isa = PBXBuildFile; fileRef = 63D720C228E7318C0026D7E5 /* SchemeColor.swift */; };
		63D720C528E731940026D7E5 /* BaseColor.swift in Sources */ = {isa = PBXBuildFile; fileRef = 63D720C428E731940026D7E5 /* BaseColor.swift */; };
		63D720C728E731C80026D7E5 /* AppIcons.swift in Sources */ = {isa = PBXBuildFile; fileRef = 63D720C628E731C80026D7E5 /* AppIcons.swift */; };
		63D720C928E7321E0026D7E5 /* ApplicationCoordinator.swift in Sources */ = {isa = PBXBuildFile; fileRef = 63D720C828E7321E0026D7E5 /* ApplicationCoordinator.swift */; };
		63D720CB28E7322B0026D7E5 /* MainCoordinator.swift in Sources */ = {isa = PBXBuildFile; fileRef = 63D720CA28E7322B0026D7E5 /* MainCoordinator.swift */; };
		63D720CD28E7327F0026D7E5 /* DI.swift in Sources */ = {isa = PBXBuildFile; fileRef = 63D720CC28E7327F0026D7E5 /* DI.swift */; };
		63D720D128E7334E0026D7E5 /* Types.swift in Sources */ = {isa = PBXBuildFile; fileRef = 63D720D028E7334E0026D7E5 /* Types.swift */; };
		63D720D628E733B00026D7E5 /* BaseViewController.swift in Sources */ = {isa = PBXBuildFile; fileRef = 63D720D528E733B00026D7E5 /* BaseViewController.swift */; };
		63D720D928E734450026D7E5 /* UICollectionViewDequeue.swift in Sources */ = {isa = PBXBuildFile; fileRef = 63D720D828E734450026D7E5 /* UICollectionViewDequeue.swift */; };
		63D720DC28E734620026D7E5 /* UITableViewDequeue.swift in Sources */ = {isa = PBXBuildFile; fileRef = 63D720DB28E734620026D7E5 /* UITableViewDequeue.swift */; };
		63D720E228E734CA0026D7E5 /* LibreBaskerville-Regular.ttf in Resources */ = {isa = PBXBuildFile; fileRef = 63D720DF28E734CA0026D7E5 /* LibreBaskerville-Regular.ttf */; };
		63D720E328E734CA0026D7E5 /* LibreBaskerville-Italic.ttf in Resources */ = {isa = PBXBuildFile; fileRef = 63D720E028E734CA0026D7E5 /* LibreBaskerville-Italic.ttf */; };
		63D720E428E734CA0026D7E5 /* LibreBaskerville-Bold.ttf in Resources */ = {isa = PBXBuildFile; fileRef = 63D720E128E734CA0026D7E5 /* LibreBaskerville-Bold.ttf */; };
		63D720EA28E7352B0026D7E5 /* ConfigurationProtocol.swift in Sources */ = {isa = PBXBuildFile; fileRef = 63D720E928E7352B0026D7E5 /* ConfigurationProtocol.swift */; };
		63D720EC28E735370026D7E5 /* SessionConfigurationProtocol.swift in Sources */ = {isa = PBXBuildFile; fileRef = 63D720EB28E735370026D7E5 /* SessionConfigurationProtocol.swift */; };
		63D720EE28E735490026D7E5 /* RequestBuilderImpl.swift in Sources */ = {isa = PBXBuildFile; fileRef = 63D720ED28E735490026D7E5 /* RequestBuilderImpl.swift */; };
		63D720F028E735540026D7E5 /* APIClient.swift in Sources */ = {isa = PBXBuildFile; fileRef = 63D720EF28E735540026D7E5 /* APIClient.swift */; };
		63D720F228E735610026D7E5 /* ApiError.swift in Sources */ = {isa = PBXBuildFile; fileRef = 63D720F128E735610026D7E5 /* ApiError.swift */; };
		63D720FB28E735E20026D7E5 /* LaunchScreenView.swift in Sources */ = {isa = PBXBuildFile; fileRef = 63D720FA28E735E20026D7E5 /* LaunchScreenView.swift */; };
		63D720FD28E735EE0026D7E5 /* LaunchScreenViewController.swift in Sources */ = {isa = PBXBuildFile; fileRef = 63D720FC28E735EE0026D7E5 /* LaunchScreenViewController.swift */; };
		63D720FF28E735F60026D7E5 /* CharactersView.swift in Sources */ = {isa = PBXBuildFile; fileRef = 63D720FE28E735F60026D7E5 /* CharactersView.swift */; };
		63D7210128E735FF0026D7E5 /* CharactersViewController.swift in Sources */ = {isa = PBXBuildFile; fileRef = 63D7210028E735FF0026D7E5 /* CharactersViewController.swift */; };
		63D7210428E736F30026D7E5 /* NavigationBar.swift in Sources */ = {isa = PBXBuildFile; fileRef = 63D7210328E736F30026D7E5 /* NavigationBar.swift */; };
		63D7210628E737060026D7E5 /* FloatingPanel.swift in Sources */ = {isa = PBXBuildFile; fileRef = 63D7210528E737060026D7E5 /* FloatingPanel.swift */; };
		63D7210828E7371F0026D7E5 /* NavigationBarTitle.swift in Sources */ = {isa = PBXBuildFile; fileRef = 63D7210728E7371F0026D7E5 /* NavigationBarTitle.swift */; };
		63D7210B28E737650026D7E5 /* InputForm.swift in Sources */ = {isa = PBXBuildFile; fileRef = 63D7210A28E737650026D7E5 /* InputForm.swift */; };
		63D7210D28E737730026D7E5 /* InputForm + constraints.swift in Sources */ = {isa = PBXBuildFile; fileRef = 63D7210C28E737730026D7E5 /* InputForm + constraints.swift */; };
		63D7210F28E737870026D7E5 /* InputForm + UITextFieldDelegate.swift in Sources */ = {isa = PBXBuildFile; fileRef = 63D7210E28E737870026D7E5 /* InputForm + UITextFieldDelegate.swift */; };
		63D7211128E737AA0026D7E5 /* InputFormModel.swift in Sources */ = {isa = PBXBuildFile; fileRef = 63D7211028E737AA0026D7E5 /* InputFormModel.swift */; };
		63D7211428E7385B0026D7E5 /* UIViewHiding.swift in Sources */ = {isa = PBXBuildFile; fileRef = 63D7211328E7385B0026D7E5 /* UIViewHiding.swift */; };
		63D7211628E738BE0026D7E5 /* StartCoordinator.swift in Sources */ = {isa = PBXBuildFile; fileRef = 63D7211528E738BE0026D7E5 /* StartCoordinator.swift */; };
		63D7211828E73D300026D7E5 /* UIView.swift in Sources */ = {isa = PBXBuildFile; fileRef = 63D7211728E73D300026D7E5 /* UIView.swift */; };
		63D7212228E752770026D7E5 /* DetailView.swift in Sources */ = {isa = PBXBuildFile; fileRef = 63D7212128E752770026D7E5 /* DetailView.swift */; };
		63D7212428E752940026D7E5 /* DetailViewController.swift in Sources */ = {isa = PBXBuildFile; fileRef = 63D7212328E752940026D7E5 /* DetailViewController.swift */; };
		63D7212628E7553D0026D7E5 /* MainModel.swift in Sources */ = {isa = PBXBuildFile; fileRef = 63D7212528E7553D0026D7E5 /* MainModel.swift */; };
		EBD3EBCA28ED940C00052022 /* LoginViewController.swift in Sources */ = {isa = PBXBuildFile; fileRef = EBD3EBC928ED940C00052022 /* LoginViewController.swift */; };
		EBD3EBCC28ED944C00052022 /* LoginScreenView.swift in Sources */ = {isa = PBXBuildFile; fileRef = EBD3EBCB28ED944C00052022 /* LoginScreenView.swift */; };
/* End PBXBuildFile section */

/* Begin PBXFileReference section */
		0140CB36852DA7E7341FDB99 /* Pods-Education.debug.xcconfig */ = {isa = PBXFileReference; includeInIndex = 1; lastKnownFileType = text.xcconfig; name = "Pods-Education.debug.xcconfig"; path = "Target Support Files/Pods-Education/Pods-Education.debug.xcconfig"; sourceTree = "<group>"; };
		24142E7928ECC1CD00873E82 /* MainScreenViewEvents.swift */ = {isa = PBXFileReference; lastKnownFileType = sourcecode.swift; path = MainScreenViewEvents.swift; sourceTree = "<group>"; };
		24142E8328ED86E700873E82 /* CharactersCollectionViewCell.swift */ = {isa = PBXFileReference; lastKnownFileType = sourcecode.swift; path = CharactersCollectionViewCell.swift; sourceTree = "<group>"; };
		242508BB291432D000E1CD27 /* SwingerListViewController.swift */ = {isa = PBXFileReference; lastKnownFileType = sourcecode.swift; path = SwingerListViewController.swift; sourceTree = "<group>"; };
		242508BE2914330100E1CD27 /* SwingerListView.swift */ = {isa = PBXFileReference; lastKnownFileType = sourcecode.swift; path = SwingerListView.swift; sourceTree = "<group>"; };
		242508C02914366000E1CD27 /* SwingerTableViewCell.swift */ = {isa = PBXFileReference; lastKnownFileType = sourcecode.swift; path = SwingerTableViewCell.swift; sourceTree = "<group>"; };
		242B8E02291AAD400074378F /* HeroesViewController.swift */ = {isa = PBXFileReference; lastKnownFileType = sourcecode.swift; path = HeroesViewController.swift; sourceTree = "<group>"; };
		242B8E06291AAE130074378F /* HeroesCollectionViewCell.swift */ = {isa = PBXFileReference; lastKnownFileType = sourcecode.swift; path = HeroesCollectionViewCell.swift; sourceTree = "<group>"; };
		242B8E08291AAFD50074378F /* HeroesView.swift */ = {isa = PBXFileReference; lastKnownFileType = sourcecode.swift; path = HeroesView.swift; sourceTree = "<group>"; };
		2459CF8228F9CE3000507DD7 /* DetailTabelView.swift */ = {isa = PBXFileReference; lastKnownFileType = sourcecode.swift; path = DetailTabelView.swift; sourceTree = "<group>"; };
		2459CF8428F9CE4A00507DD7 /* DetailTableViewController.swift */ = {isa = PBXFileReference; lastKnownFileType = sourcecode.swift; path = DetailTableViewController.swift; sourceTree = "<group>"; };
		35553260E867A0BE2568D4D2 /* Pods-Education.release.xcconfig */ = {isa = PBXFileReference; includeInIndex = 1; lastKnownFileType = text.xcconfig; name = "Pods-Education.release.xcconfig"; path = "Target Support Files/Pods-Education/Pods-Education.release.xcconfig"; sourceTree = "<group>"; };
		633883172917F08D001CEB65 /* ApiClient.swift */ = {isa = PBXFileReference; lastKnownFileType = sourcecode.swift; path = ApiClient.swift; sourceTree = "<group>"; };
		633883192917F093001CEB65 /* Service.swift */ = {isa = PBXFileReference; lastKnownFileType = sourcecode.swift; path = Service.swift; sourceTree = "<group>"; };
		6338831B2917F09B001CEB65 /* Provider.swift */ = {isa = PBXFileReference; lastKnownFileType = sourcecode.swift; path = Provider.swift; sourceTree = "<group>"; };
		6338831D2917F0A2001CEB65 /* Response.swift */ = {isa = PBXFileReference; lastKnownFileType = sourcecode.swift; path = Response.swift; sourceTree = "<group>"; };
		633883222917F46C001CEB65 /* UIImageView+Ext.swift */ = {isa = PBXFileReference; lastKnownFileType = sourcecode.swift; path = "UIImageView+Ext.swift"; sourceTree = "<group>"; };
		633883242917F4B8001CEB65 /* ImagePreloaderView.swift */ = {isa = PBXFileReference; lastKnownFileType = sourcecode.swift; path = ImagePreloaderView.swift; sourceTree = "<group>"; };
		63D7208828E6D0910026D7E5 /* Education.app */ = {isa = PBXFileReference; explicitFileType = wrapper.application; includeInIndex = 0; path = Education.app; sourceTree = BUILT_PRODUCTS_DIR; };
		63D7209428E6D0930026D7E5 /* Assets.xcassets */ = {isa = PBXFileReference; lastKnownFileType = folder.assetcatalog; path = Assets.xcassets; sourceTree = "<group>"; };
		63D7209728E6D0930026D7E5 /* Base */ = {isa = PBXFileReference; lastKnownFileType = file.storyboard; name = Base; path = Base.lproj/LaunchScreen.storyboard; sourceTree = "<group>"; };
		63D7209928E6D0930026D7E5 /* Info.plist */ = {isa = PBXFileReference; lastKnownFileType = text.plist.xml; path = Info.plist; sourceTree = "<group>"; };
		63D720B728E72FAB0026D7E5 /* AppDelegate.swift */ = {isa = PBXFileReference; lastKnownFileType = sourcecode.swift; path = AppDelegate.swift; sourceTree = "<group>"; };
		63D720B928E72FEF0026D7E5 /* Coordinator.swift */ = {isa = PBXFileReference; lastKnownFileType = sourcecode.swift; path = Coordinator.swift; sourceTree = "<group>"; };
		63D720BB28E7300C0026D7E5 /* RouterProtocol.swift */ = {isa = PBXFileReference; lastKnownFileType = sourcecode.swift; path = RouterProtocol.swift; sourceTree = "<group>"; };
		63D720C028E731650026D7E5 /* BaseFont.swift */ = {isa = PBXFileReference; lastKnownFileType = sourcecode.swift; path = BaseFont.swift; sourceTree = "<group>"; };
		63D720C228E7318C0026D7E5 /* SchemeColor.swift */ = {isa = PBXFileReference; lastKnownFileType = sourcecode.swift; path = SchemeColor.swift; sourceTree = "<group>"; };
		63D720C428E731940026D7E5 /* BaseColor.swift */ = {isa = PBXFileReference; lastKnownFileType = sourcecode.swift; path = BaseColor.swift; sourceTree = "<group>"; };
		63D720C628E731C80026D7E5 /* AppIcons.swift */ = {isa = PBXFileReference; lastKnownFileType = sourcecode.swift; path = AppIcons.swift; sourceTree = "<group>"; };
		63D720C828E7321E0026D7E5 /* ApplicationCoordinator.swift */ = {isa = PBXFileReference; lastKnownFileType = sourcecode.swift; path = ApplicationCoordinator.swift; sourceTree = "<group>"; };
		63D720CA28E7322B0026D7E5 /* MainCoordinator.swift */ = {isa = PBXFileReference; lastKnownFileType = sourcecode.swift; path = MainCoordinator.swift; sourceTree = "<group>"; };
		63D720CC28E7327F0026D7E5 /* DI.swift */ = {isa = PBXFileReference; lastKnownFileType = sourcecode.swift; path = DI.swift; sourceTree = "<group>"; };
		63D720D028E7334E0026D7E5 /* Types.swift */ = {isa = PBXFileReference; lastKnownFileType = sourcecode.swift; path = Types.swift; sourceTree = "<group>"; };
		63D720D528E733B00026D7E5 /* BaseViewController.swift */ = {isa = PBXFileReference; lastKnownFileType = sourcecode.swift; path = BaseViewController.swift; sourceTree = "<group>"; };
		63D720D828E734450026D7E5 /* UICollectionViewDequeue.swift */ = {isa = PBXFileReference; lastKnownFileType = sourcecode.swift; path = UICollectionViewDequeue.swift; sourceTree = "<group>"; };
		63D720DB28E734620026D7E5 /* UITableViewDequeue.swift */ = {isa = PBXFileReference; lastKnownFileType = sourcecode.swift; path = UITableViewDequeue.swift; sourceTree = "<group>"; };
		63D720DF28E734CA0026D7E5 /* LibreBaskerville-Regular.ttf */ = {isa = PBXFileReference; lastKnownFileType = file; path = "LibreBaskerville-Regular.ttf"; sourceTree = "<group>"; };
		63D720E028E734CA0026D7E5 /* LibreBaskerville-Italic.ttf */ = {isa = PBXFileReference; lastKnownFileType = file; path = "LibreBaskerville-Italic.ttf"; sourceTree = "<group>"; };
		63D720E128E734CA0026D7E5 /* LibreBaskerville-Bold.ttf */ = {isa = PBXFileReference; lastKnownFileType = file; path = "LibreBaskerville-Bold.ttf"; sourceTree = "<group>"; };
		63D720E928E7352B0026D7E5 /* ConfigurationProtocol.swift */ = {isa = PBXFileReference; lastKnownFileType = sourcecode.swift; path = ConfigurationProtocol.swift; sourceTree = "<group>"; };
		63D720EB28E735370026D7E5 /* SessionConfigurationProtocol.swift */ = {isa = PBXFileReference; lastKnownFileType = sourcecode.swift; path = SessionConfigurationProtocol.swift; sourceTree = "<group>"; };
		63D720ED28E735490026D7E5 /* RequestBuilderImpl.swift */ = {isa = PBXFileReference; lastKnownFileType = sourcecode.swift; path = RequestBuilderImpl.swift; sourceTree = "<group>"; };
		63D720EF28E735540026D7E5 /* APIClient.swift */ = {isa = PBXFileReference; lastKnownFileType = sourcecode.swift; path = APIClient.swift; sourceTree = "<group>"; };
		63D720F128E735610026D7E5 /* ApiError.swift */ = {isa = PBXFileReference; lastKnownFileType = sourcecode.swift; path = ApiError.swift; sourceTree = "<group>"; };
		63D720FA28E735E20026D7E5 /* LaunchScreenView.swift */ = {isa = PBXFileReference; lastKnownFileType = sourcecode.swift; path = LaunchScreenView.swift; sourceTree = "<group>"; };
		63D720FC28E735EE0026D7E5 /* LaunchScreenViewController.swift */ = {isa = PBXFileReference; lastKnownFileType = sourcecode.swift; path = LaunchScreenViewController.swift; sourceTree = "<group>"; };
		63D720FE28E735F60026D7E5 /* CharactersView.swift */ = {isa = PBXFileReference; lastKnownFileType = sourcecode.swift; path = CharactersView.swift; sourceTree = "<group>"; };
		63D7210028E735FF0026D7E5 /* CharactersViewController.swift */ = {isa = PBXFileReference; lastKnownFileType = sourcecode.swift; path = CharactersViewController.swift; sourceTree = "<group>"; };
		63D7210328E736F30026D7E5 /* NavigationBar.swift */ = {isa = PBXFileReference; lastKnownFileType = sourcecode.swift; path = NavigationBar.swift; sourceTree = "<group>"; };
		63D7210528E737060026D7E5 /* FloatingPanel.swift */ = {isa = PBXFileReference; lastKnownFileType = sourcecode.swift; path = FloatingPanel.swift; sourceTree = "<group>"; };
		63D7210728E7371F0026D7E5 /* NavigationBarTitle.swift */ = {isa = PBXFileReference; lastKnownFileType = sourcecode.swift; path = NavigationBarTitle.swift; sourceTree = "<group>"; };
		63D7210A28E737650026D7E5 /* InputForm.swift */ = {isa = PBXFileReference; lastKnownFileType = sourcecode.swift; path = InputForm.swift; sourceTree = "<group>"; };
		63D7210C28E737730026D7E5 /* InputForm + constraints.swift */ = {isa = PBXFileReference; lastKnownFileType = sourcecode.swift; path = "InputForm + constraints.swift"; sourceTree = "<group>"; };
		63D7210E28E737870026D7E5 /* InputForm + UITextFieldDelegate.swift */ = {isa = PBXFileReference; lastKnownFileType = sourcecode.swift; path = "InputForm + UITextFieldDelegate.swift"; sourceTree = "<group>"; };
		63D7211028E737AA0026D7E5 /* InputFormModel.swift */ = {isa = PBXFileReference; lastKnownFileType = sourcecode.swift; path = InputFormModel.swift; sourceTree = "<group>"; };
		63D7211328E7385B0026D7E5 /* UIViewHiding.swift */ = {isa = PBXFileReference; lastKnownFileType = sourcecode.swift; path = UIViewHiding.swift; sourceTree = "<group>"; };
		63D7211528E738BE0026D7E5 /* StartCoordinator.swift */ = {isa = PBXFileReference; lastKnownFileType = sourcecode.swift; path = StartCoordinator.swift; sourceTree = "<group>"; };
		63D7211728E73D300026D7E5 /* UIView.swift */ = {isa = PBXFileReference; lastKnownFileType = sourcecode.swift; path = UIView.swift; sourceTree = "<group>"; };
		63D7212128E752770026D7E5 /* DetailView.swift */ = {isa = PBXFileReference; lastKnownFileType = sourcecode.swift; path = DetailView.swift; sourceTree = "<group>"; };
		63D7212328E752940026D7E5 /* DetailViewController.swift */ = {isa = PBXFileReference; lastKnownFileType = sourcecode.swift; path = DetailViewController.swift; sourceTree = "<group>"; };
		63D7212528E7553D0026D7E5 /* MainModel.swift */ = {isa = PBXFileReference; lastKnownFileType = sourcecode.swift; path = MainModel.swift; sourceTree = "<group>"; };
		A283727850B7682952F8EAC5 /* Pods_Education.framework */ = {isa = PBXFileReference; explicitFileType = wrapper.framework; includeInIndex = 0; path = Pods_Education.framework; sourceTree = BUILT_PRODUCTS_DIR; };
		EBD3EBC928ED940C00052022 /* LoginViewController.swift */ = {isa = PBXFileReference; lastKnownFileType = sourcecode.swift; path = LoginViewController.swift; sourceTree = "<group>"; };
		EBD3EBCB28ED944C00052022 /* LoginScreenView.swift */ = {isa = PBXFileReference; lastKnownFileType = sourcecode.swift; path = LoginScreenView.swift; sourceTree = "<group>"; };
/* End PBXFileReference section */

/* Begin PBXFrameworksBuildPhase section */
		63D7208528E6D0910026D7E5 /* Frameworks */ = {
			isa = PBXFrameworksBuildPhase;
			buildActionMask = 2147483647;
			files = (
				05D1E87506B50F9E80900E68 /* Pods_Education.framework in Frameworks */,
			);
			runOnlyForDeploymentPostprocessing = 0;
		};
/* End PBXFrameworksBuildPhase section */

/* Begin PBXGroup section */
		211AA03F93AEA65F0028A5F6 /* Frameworks */ = {
			isa = PBXGroup;
			children = (
				A283727850B7682952F8EAC5 /* Pods_Education.framework */,
			);
			name = Frameworks;
			sourceTree = "<group>";
		};
		242508BD291432DB00E1CD27 /* SwingerScreen */ = {
			isa = PBXGroup;
			children = (
				242508BB291432D000E1CD27 /* SwingerListViewController.swift */,
				242508BE2914330100E1CD27 /* SwingerListView.swift */,
				242508C02914366000E1CD27 /* SwingerTableViewCell.swift */,
			);
			path = SwingerScreen;
			sourceTree = "<group>";
		};
		242B8E01291AAC2F0074378F /* HeroesScreen */ = {
			isa = PBXGroup;
			children = (
				242B8E08291AAFD50074378F /* HeroesView.swift */,
				242B8E06291AAE130074378F /* HeroesCollectionViewCell.swift */,
				242B8E02291AAD400074378F /* HeroesViewController.swift */,
			);
			path = HeroesScreen;
			sourceTree = "<group>";
		};
		2459CF8128F9CDF200507DD7 /* TableView */ = {
			isa = PBXGroup;
			children = (
				2459CF8228F9CE3000507DD7 /* DetailTabelView.swift */,
				2459CF8428F9CE4A00507DD7 /* DetailTableViewController.swift */,
			);
			path = TableView;
			sourceTree = "<group>";
		};
		633883122917F033001CEB65 /* ApiProvider */ = {
			isa = PBXGroup;
			children = (
				633883162917F057001CEB65 /* Entity */,
				633883152917F052001CEB65 /* Provider */,
				633883142917F04E001CEB65 /* Service */,
				633883132917F048001CEB65 /* ApiClient */,
			);
			path = ApiProvider;
			sourceTree = "<group>";
		};
		633883132917F048001CEB65 /* ApiClient */ = {
			isa = PBXGroup;
			children = (
				633883172917F08D001CEB65 /* ApiClient.swift */,
			);
			path = ApiClient;
			sourceTree = "<group>";
		};
		633883142917F04E001CEB65 /* Service */ = {
			isa = PBXGroup;
			children = (
				633883192917F093001CEB65 /* Service.swift */,
			);
			path = Service;
			sourceTree = "<group>";
		};
		633883152917F052001CEB65 /* Provider */ = {
			isa = PBXGroup;
			children = (
				6338831B2917F09B001CEB65 /* Provider.swift */,
			);
			path = Provider;
			sourceTree = "<group>";
		};
		633883162917F057001CEB65 /* Entity */ = {
			isa = PBXGroup;
			children = (
				6338831D2917F0A2001CEB65 /* Response.swift */,
			);
			path = Entity;
			sourceTree = "<group>";
		};
		633883212917F45E001CEB65 /* UIImageView */ = {
			isa = PBXGroup;
			children = (
				633883222917F46C001CEB65 /* UIImageView+Ext.swift */,
			);
			path = UIImageView;
			sourceTree = "<group>";
		};
		63D7207F28E6D0910026D7E5 = {
			isa = PBXGroup;
			children = (
				63D7208A28E6D0910026D7E5 /* Education */,
				63D7208928E6D0910026D7E5 /* Products */,
				D103257E1F7506E6BAEB6F12 /* Pods */,
				211AA03F93AEA65F0028A5F6 /* Frameworks */,
			);
			sourceTree = "<group>";
		};
		63D7208928E6D0910026D7E5 /* Products */ = {
			isa = PBXGroup;
			children = (
				63D7208828E6D0910026D7E5 /* Education.app */,
			);
			name = Products;
			sourceTree = "<group>";
		};
		63D7208A28E6D0910026D7E5 /* Education */ = {
			isa = PBXGroup;
			children = (
				633883122917F033001CEB65 /* ApiProvider */,
				63D720AE28E72EAC0026D7E5 /* UI */,
				63D720AD28E72EA10026D7E5 /* StartpackProject */,
				63D7209428E6D0930026D7E5 /* Assets.xcassets */,
				63D7209628E6D0930026D7E5 /* LaunchScreen.storyboard */,
				63D7209928E6D0930026D7E5 /* Info.plist */,
			);
			path = Education;
			sourceTree = "<group>";
		};
		63D720AD28E72EA10026D7E5 /* StartpackProject */ = {
			isa = PBXGroup;
			children = (
				63D720E528E735080026D7E5 /* Network */,
				63D720B428E72F7C0026D7E5 /* Library */,
				63D720B328E72F710026D7E5 /* FontColorIcon */,
				63D720B228E72F6D0026D7E5 /* DI */,
				63D720B128E72F610026D7E5 /* Coordinators */,
				63D720B028E72F5B0026D7E5 /* Coordinator */,
				63D720AF28E72F540026D7E5 /* AppDelegate */,
			);
			path = StartpackProject;
			sourceTree = "<group>";
		};
		63D720AE28E72EAC0026D7E5 /* UI */ = {
			isa = PBXGroup;
			children = (
				63D7210228E736E30026D7E5 /* HelperUI */,
				63D720F328E735AC0026D7E5 /* Screens */,
			);
			path = UI;
			sourceTree = "<group>";
		};
		63D720AF28E72F540026D7E5 /* AppDelegate */ = {
			isa = PBXGroup;
			children = (
				63D720B728E72FAB0026D7E5 /* AppDelegate.swift */,
			);
			path = AppDelegate;
			sourceTree = "<group>";
		};
		63D720B028E72F5B0026D7E5 /* Coordinator */ = {
			isa = PBXGroup;
			children = (
				63D720B928E72FEF0026D7E5 /* Coordinator.swift */,
				63D720BB28E7300C0026D7E5 /* RouterProtocol.swift */,
			);
			path = Coordinator;
			sourceTree = "<group>";
		};
		63D720B128E72F610026D7E5 /* Coordinators */ = {
			isa = PBXGroup;
			children = (
				63D720C828E7321E0026D7E5 /* ApplicationCoordinator.swift */,
				63D720CA28E7322B0026D7E5 /* MainCoordinator.swift */,
				63D7211528E738BE0026D7E5 /* StartCoordinator.swift */,
			);
			path = Coordinators;
			sourceTree = "<group>";
		};
		63D720B228E72F6D0026D7E5 /* DI */ = {
			isa = PBXGroup;
			children = (
				63D720CC28E7327F0026D7E5 /* DI.swift */,
			);
			path = DI;
			sourceTree = "<group>";
		};
		63D720B328E72F710026D7E5 /* FontColorIcon */ = {
			isa = PBXGroup;
			children = (
				63D720BF28E7313F0026D7E5 /* IconScheme */,
				63D720BE28E731390026D7E5 /* ColorScheme */,
				63D720BD28E731270026D7E5 /* FontScheme */,
			);
			path = FontColorIcon;
			sourceTree = "<group>";
		};
		63D720B428E72F7C0026D7E5 /* Library */ = {
			isa = PBXGroup;
			children = (
				63D720D328E733890026D7E5 /* UIKit */,
				63D720D228E733810026D7E5 /* Foundation */,
			);
			path = Library;
			sourceTree = "<group>";
		};
		63D720BD28E731270026D7E5 /* FontScheme */ = {
			isa = PBXGroup;
			children = (
				63D720DE28E7348F0026D7E5 /* Fonts */,
				63D720C028E731650026D7E5 /* BaseFont.swift */,
			);
			path = FontScheme;
			sourceTree = "<group>";
		};
		63D720BE28E731390026D7E5 /* ColorScheme */ = {
			isa = PBXGroup;
			children = (
				63D720C228E7318C0026D7E5 /* SchemeColor.swift */,
				63D720C428E731940026D7E5 /* BaseColor.swift */,
			);
			path = ColorScheme;
			sourceTree = "<group>";
		};
		63D720BF28E7313F0026D7E5 /* IconScheme */ = {
			isa = PBXGroup;
			children = (
				63D720C628E731C80026D7E5 /* AppIcons.swift */,
			);
			path = IconScheme;
			sourceTree = "<group>";
		};
		63D720CF28E733420026D7E5 /* Types */ = {
			isa = PBXGroup;
			children = (
				63D720D028E7334E0026D7E5 /* Types.swift */,
			);
			path = Types;
			sourceTree = "<group>";
		};
		63D720D228E733810026D7E5 /* Foundation */ = {
			isa = PBXGroup;
			children = (
				63D720CF28E733420026D7E5 /* Types */,
			);
			path = Foundation;
			sourceTree = "<group>";
		};
		63D720D328E733890026D7E5 /* UIKit */ = {
			isa = PBXGroup;
			children = (
				633883212917F45E001CEB65 /* UIImageView */,
				63D7211228E7383E0026D7E5 /* UIView */,
				63D720DA28E734500026D7E5 /* UITableView */,
				63D720D728E734330026D7E5 /* UICollectionView */,
				63D720D428E733900026D7E5 /* UIViewController */,
			);
			path = UIKit;
			sourceTree = "<group>";
		};
		63D720D428E733900026D7E5 /* UIViewController */ = {
			isa = PBXGroup;
			children = (
				63D720D528E733B00026D7E5 /* BaseViewController.swift */,
			);
			path = UIViewController;
			sourceTree = "<group>";
		};
		63D720D728E734330026D7E5 /* UICollectionView */ = {
			isa = PBXGroup;
			children = (
				63D720D828E734450026D7E5 /* UICollectionViewDequeue.swift */,
			);
			path = UICollectionView;
			sourceTree = "<group>";
		};
		63D720DA28E734500026D7E5 /* UITableView */ = {
			isa = PBXGroup;
			children = (
				63D720DB28E734620026D7E5 /* UITableViewDequeue.swift */,
			);
			path = UITableView;
			sourceTree = "<group>";
		};
		63D720DE28E7348F0026D7E5 /* Fonts */ = {
			isa = PBXGroup;
			children = (
				63D720E128E734CA0026D7E5 /* LibreBaskerville-Bold.ttf */,
				63D720E028E734CA0026D7E5 /* LibreBaskerville-Italic.ttf */,
				63D720DF28E734CA0026D7E5 /* LibreBaskerville-Regular.ttf */,
			);
			path = Fonts;
			sourceTree = "<group>";
		};
		63D720E528E735080026D7E5 /* Network */ = {
			isa = PBXGroup;
			children = (
				63D720E828E735190026D7E5 /* ApiClient */,
				63D720E628E7350F0026D7E5 /* Configuration */,
			);
			path = Network;
			sourceTree = "<group>";
		};
		63D720E628E7350F0026D7E5 /* Configuration */ = {
			isa = PBXGroup;
			children = (
				63D720E928E7352B0026D7E5 /* ConfigurationProtocol.swift */,
				63D720EB28E735370026D7E5 /* SessionConfigurationProtocol.swift */,
			);
			path = Configuration;
			sourceTree = "<group>";
		};
		63D720E828E735190026D7E5 /* ApiClient */ = {
			isa = PBXGroup;
			children = (
				63D720ED28E735490026D7E5 /* RequestBuilderImpl.swift */,
				63D720EF28E735540026D7E5 /* APIClient.swift */,
				63D720F128E735610026D7E5 /* ApiError.swift */,
			);
			path = ApiClient;
			sourceTree = "<group>";
		};
		63D720F328E735AC0026D7E5 /* Screens */ = {
			isa = PBXGroup;
			children = (
				EBD3EBC828ED93EE00052022 /* LoginScreen */,
				63D720F528E735BB0026D7E5 /* MainScreens */,
				63D720F428E735B50026D7E5 /* LaunchScreen */,
			);
			path = Screens;
			sourceTree = "<group>";
		};
		63D720F428E735B50026D7E5 /* LaunchScreen */ = {
			isa = PBXGroup;
			children = (
				63D720F728E735CE0026D7E5 /* View */,
				63D720F628E735C80026D7E5 /* ViewController */,
			);
			path = LaunchScreen;
			sourceTree = "<group>";
		};
		63D720F528E735BB0026D7E5 /* MainScreens */ = {
			isa = PBXGroup;
			children = (
				242B8E01291AAC2F0074378F /* HeroesScreen */,
				242508BD291432DB00E1CD27 /* SwingerScreen */,
				63D7211E28E7524F0026D7E5 /* DetailScreen */,
				63D7211D28E752420026D7E5 /* MainScreen */,
			);
			path = MainScreens;
			sourceTree = "<group>";
		};
		63D720F628E735C80026D7E5 /* ViewController */ = {
			isa = PBXGroup;
			children = (
				63D720FC28E735EE0026D7E5 /* LaunchScreenViewController.swift */,
			);
			path = ViewController;
			sourceTree = "<group>";
		};
		63D720F728E735CE0026D7E5 /* View */ = {
			isa = PBXGroup;
			children = (
				63D720FA28E735E20026D7E5 /* LaunchScreenView.swift */,
			);
			path = View;
			sourceTree = "<group>";
		};
		63D720F828E735D40026D7E5 /* MainViewController */ = {
			isa = PBXGroup;
			children = (
				63D7210028E735FF0026D7E5 /* CharactersViewController.swift */,
			);
			path = MainViewController;
			sourceTree = "<group>";
		};
		63D720F928E735D80026D7E5 /* MainView */ = {
			isa = PBXGroup;
			children = (
				63D720FE28E735F60026D7E5 /* CharactersView.swift */,
				24142E8328ED86E700873E82 /* CharactersCollectionViewCell.swift */,
			);
			path = MainView;
			sourceTree = "<group>";
		};
		63D7210228E736E30026D7E5 /* HelperUI */ = {
			isa = PBXGroup;
			children = (
				63D7210928E737570026D7E5 /* InputForm */,
				63D7210328E736F30026D7E5 /* NavigationBar.swift */,
				63D7210528E737060026D7E5 /* FloatingPanel.swift */,
				63D7210728E7371F0026D7E5 /* NavigationBarTitle.swift */,
				633883242917F4B8001CEB65 /* ImagePreloaderView.swift */,
			);
			path = HelperUI;
			sourceTree = "<group>";
		};
		63D7210928E737570026D7E5 /* InputForm */ = {
			isa = PBXGroup;
			children = (
				63D7210A28E737650026D7E5 /* InputForm.swift */,
				63D7210C28E737730026D7E5 /* InputForm + constraints.swift */,
				63D7210E28E737870026D7E5 /* InputForm + UITextFieldDelegate.swift */,
				63D7211028E737AA0026D7E5 /* InputFormModel.swift */,
			);
			path = InputForm;
			sourceTree = "<group>";
		};
		63D7211228E7383E0026D7E5 /* UIView */ = {
			isa = PBXGroup;
			children = (
				63D7211328E7385B0026D7E5 /* UIViewHiding.swift */,
				63D7211728E73D300026D7E5 /* UIView.swift */,
			);
			path = UIView;
			sourceTree = "<group>";
		};
		63D7211A28E74F2E0026D7E5 /* DataModel */ = {
			isa = PBXGroup;
			children = (
				63D7212528E7553D0026D7E5 /* MainModel.swift */,
				24142E7928ECC1CD00873E82 /* MainScreenViewEvents.swift */,
			);
			path = DataModel;
			sourceTree = "<group>";
		};
		63D7211D28E752420026D7E5 /* MainScreen */ = {
			isa = PBXGroup;
			children = (
				63D7211A28E74F2E0026D7E5 /* DataModel */,
				63D720F928E735D80026D7E5 /* MainView */,
				63D720F828E735D40026D7E5 /* MainViewController */,
			);
			path = MainScreen;
			sourceTree = "<group>";
		};
		63D7211E28E7524F0026D7E5 /* DetailScreen */ = {
			isa = PBXGroup;
			children = (
				2459CF8128F9CDF200507DD7 /* TableView */,
				63D7212028E7525B0026D7E5 /* View */,
				63D7211F28E752550026D7E5 /* ViewController */,
			);
			path = DetailScreen;
			sourceTree = "<group>";
		};
		63D7211F28E752550026D7E5 /* ViewController */ = {
			isa = PBXGroup;
			children = (
				63D7212328E752940026D7E5 /* DetailViewController.swift */,
			);
			path = ViewController;
			sourceTree = "<group>";
		};
		63D7212028E7525B0026D7E5 /* View */ = {
			isa = PBXGroup;
			children = (
				63D7212128E752770026D7E5 /* DetailView.swift */,
			);
			path = View;
			sourceTree = "<group>";
		};
		D103257E1F7506E6BAEB6F12 /* Pods */ = {
			isa = PBXGroup;
			children = (
				0140CB36852DA7E7341FDB99 /* Pods-Education.debug.xcconfig */,
				35553260E867A0BE2568D4D2 /* Pods-Education.release.xcconfig */,
			);
			path = Pods;
			sourceTree = "<group>";
		};
		EBD3EBC828ED93EE00052022 /* LoginScreen */ = {
			isa = PBXGroup;
			children = (
				EBD3EBC928ED940C00052022 /* LoginViewController.swift */,
				EBD3EBCB28ED944C00052022 /* LoginScreenView.swift */,
			);
			path = LoginScreen;
			sourceTree = "<group>";
		};
/* End PBXGroup section */

/* Begin PBXNativeTarget section */
		63D7208728E6D0910026D7E5 /* Education */ = {
			isa = PBXNativeTarget;
			buildConfigurationList = 63D7209C28E6D0930026D7E5 /* Build configuration list for PBXNativeTarget "Education" */;
			buildPhases = (
				72BF79772E6B8F37EC84285A /* [CP] Check Pods Manifest.lock */,
				63D7208428E6D0910026D7E5 /* Sources */,
				63D7208528E6D0910026D7E5 /* Frameworks */,
				63D7208628E6D0910026D7E5 /* Resources */,
				EEB8A26DC523C31ECF674BF0 /* [CP] Embed Pods Frameworks */,
			);
			buildRules = (
			);
			dependencies = (
			);
			name = Education;
			productName = education;
			productReference = 63D7208828E6D0910026D7E5 /* Education.app */;
			productType = "com.apple.product-type.application";
		};
/* End PBXNativeTarget section */

/* Begin PBXProject section */
		63D7208028E6D0910026D7E5 /* Project object */ = {
			isa = PBXProject;
			attributes = {
				BuildIndependentTargetsInParallel = 1;
				LastSwiftUpdateCheck = 1330;
				LastUpgradeCheck = 1330;
				TargetAttributes = {
					63D7208728E6D0910026D7E5 = {
						CreatedOnToolsVersion = 13.3.1;
						LastSwiftMigration = 1330;
					};
				};
			};
			buildConfigurationList = 63D7208328E6D0910026D7E5 /* Build configuration list for PBXProject "Education" */;
			compatibilityVersion = "Xcode 13.0";
			developmentRegion = en;
			hasScannedForEncodings = 0;
			knownRegions = (
				en,
				Base,
			);
			mainGroup = 63D7207F28E6D0910026D7E5;
			productRefGroup = 63D7208928E6D0910026D7E5 /* Products */;
			projectDirPath = "";
			projectRoot = "";
			targets = (
				63D7208728E6D0910026D7E5 /* Education */,
			);
		};
/* End PBXProject section */

/* Begin PBXResourcesBuildPhase section */
		63D7208628E6D0910026D7E5 /* Resources */ = {
			isa = PBXResourcesBuildPhase;
			buildActionMask = 2147483647;
			files = (
				63D720E328E734CA0026D7E5 /* LibreBaskerville-Italic.ttf in Resources */,
				63D720E228E734CA0026D7E5 /* LibreBaskerville-Regular.ttf in Resources */,
				63D7209828E6D0930026D7E5 /* LaunchScreen.storyboard in Resources */,
				63D7209528E6D0930026D7E5 /* Assets.xcassets in Resources */,
				63D720E428E734CA0026D7E5 /* LibreBaskerville-Bold.ttf in Resources */,
			);
			runOnlyForDeploymentPostprocessing = 0;
		};
/* End PBXResourcesBuildPhase section */

/* Begin PBXShellScriptBuildPhase section */
		72BF79772E6B8F37EC84285A /* [CP] Check Pods Manifest.lock */ = {
			isa = PBXShellScriptBuildPhase;
			buildActionMask = 2147483647;
			files = (
			);
			inputFileListPaths = (
			);
			inputPaths = (
				"${PODS_PODFILE_DIR_PATH}/Podfile.lock",
				"${PODS_ROOT}/Manifest.lock",
			);
			name = "[CP] Check Pods Manifest.lock";
			outputFileListPaths = (
			);
			outputPaths = (
				"$(DERIVED_FILE_DIR)/Pods-Education-checkManifestLockResult.txt",
			);
			runOnlyForDeploymentPostprocessing = 0;
			shellPath = /bin/sh;
			shellScript = "diff \"${PODS_PODFILE_DIR_PATH}/Podfile.lock\" \"${PODS_ROOT}/Manifest.lock\" > /dev/null\nif [ $? != 0 ] ; then\n    # print error to STDERR\n    echo \"error: The sandbox is not in sync with the Podfile.lock. Run 'pod install' or update your CocoaPods installation.\" >&2\n    exit 1\nfi\n# This output is used by Xcode 'outputs' to avoid re-running this script phase.\necho \"SUCCESS\" > \"${SCRIPT_OUTPUT_FILE_0}\"\n";
			showEnvVarsInLog = 0;
		};
		EEB8A26DC523C31ECF674BF0 /* [CP] Embed Pods Frameworks */ = {
			isa = PBXShellScriptBuildPhase;
			buildActionMask = 2147483647;
			files = (
			);
			inputFileListPaths = (
				"${PODS_ROOT}/Target Support Files/Pods-Education/Pods-Education-frameworks-${CONFIGURATION}-input-files.xcfilelist",
			);
			name = "[CP] Embed Pods Frameworks";
			outputFileListPaths = (
				"${PODS_ROOT}/Target Support Files/Pods-Education/Pods-Education-frameworks-${CONFIGURATION}-output-files.xcfilelist",
			);
			runOnlyForDeploymentPostprocessing = 0;
			shellPath = /bin/sh;
			shellScript = "\"${PODS_ROOT}/Target Support Files/Pods-Education/Pods-Education-frameworks.sh\"\n";
			showEnvVarsInLog = 0;
		};
/* End PBXShellScriptBuildPhase section */

/* Begin PBXSourcesBuildPhase section */
		63D7208428E6D0910026D7E5 /* Sources */ = {
			isa = PBXSourcesBuildPhase;
			buildActionMask = 2147483647;
			files = (
				63D720DC28E734620026D7E5 /* UITableViewDequeue.swift in Sources */,
				63D7210628E737060026D7E5 /* FloatingPanel.swift in Sources */,
				63D720D928E734450026D7E5 /* UICollectionViewDequeue.swift in Sources */,
				63D7211628E738BE0026D7E5 /* StartCoordinator.swift in Sources */,
				EBD3EBCA28ED940C00052022 /* LoginViewController.swift in Sources */,
				63D7210B28E737650026D7E5 /* InputForm.swift in Sources */,
				63D720C528E731940026D7E5 /* BaseColor.swift in Sources */,
				6338831E2917F0A2001CEB65 /* Response.swift in Sources */,
				63D720BC28E7300C0026D7E5 /* RouterProtocol.swift in Sources */,
				63D720BA28E72FEF0026D7E5 /* Coordinator.swift in Sources */,
				63D7212228E752770026D7E5 /* DetailView.swift in Sources */,
				63D7210D28E737730026D7E5 /* InputForm + constraints.swift in Sources */,
				63D720C728E731C80026D7E5 /* AppIcons.swift in Sources */,
				242B8E07291AAE130074378F /* HeroesCollectionViewCell.swift in Sources */,
				633883182917F08D001CEB65 /* ApiClient.swift in Sources */,
				24142E8428ED86E700873E82 /* CharactersCollectionViewCell.swift in Sources */,
				63D720C328E7318C0026D7E5 /* SchemeColor.swift in Sources */,
				63D7211428E7385B0026D7E5 /* UIViewHiding.swift in Sources */,
				242508BC291432D000E1CD27 /* SwingerListViewController.swift in Sources */,
				63D720FF28E735F60026D7E5 /* CharactersView.swift in Sources */,
				242508BF2914330100E1CD27 /* SwingerListView.swift in Sources */,
				6338831C2917F09B001CEB65 /* Provider.swift in Sources */,
				63D7211828E73D300026D7E5 /* UIView.swift in Sources */,
				2459CF8328F9CE3000507DD7 /* DetailTabelView.swift in Sources */,
				63D720EC28E735370026D7E5 /* SessionConfigurationProtocol.swift in Sources */,
				63D720EE28E735490026D7E5 /* RequestBuilderImpl.swift in Sources */,
				633883232917F46C001CEB65 /* UIImageView+Ext.swift in Sources */,
				242508C12914366000E1CD27 /* SwingerTableViewCell.swift in Sources */,
				63D720D628E733B00026D7E5 /* BaseViewController.swift in Sources */,
				63D7210428E736F30026D7E5 /* NavigationBar.swift in Sources */,
				63D720B828E72FAB0026D7E5 /* AppDelegate.swift in Sources */,
				63D720C128E731650026D7E5 /* BaseFont.swift in Sources */,
				24142E7A28ECC1CD00873E82 /* MainScreenViewEvents.swift in Sources */,
				63D720F228E735610026D7E5 /* ApiError.swift in Sources */,
				63D7210828E7371F0026D7E5 /* NavigationBarTitle.swift in Sources */,
				EBD3EBCC28ED944C00052022 /* LoginScreenView.swift in Sources */,
				242B8E09291AAFD50074378F /* HeroesView.swift in Sources */,
				63D7210F28E737870026D7E5 /* InputForm + UITextFieldDelegate.swift in Sources */,
				63D7210128E735FF0026D7E5 /* CharactersViewController.swift in Sources */,
				6338831A2917F093001CEB65 /* Service.swift in Sources */,
				63D720FD28E735EE0026D7E5 /* LaunchScreenViewController.swift in Sources */,
				63D7212628E7553D0026D7E5 /* MainModel.swift in Sources */,
				63D7212428E752940026D7E5 /* DetailViewController.swift in Sources */,
				63D720CB28E7322B0026D7E5 /* MainCoordinator.swift in Sources */,
				63D720CD28E7327F0026D7E5 /* DI.swift in Sources */,
				63D720FB28E735E20026D7E5 /* LaunchScreenView.swift in Sources */,
				63D720EA28E7352B0026D7E5 /* ConfigurationProtocol.swift in Sources */,
				633883252917F4B8001CEB65 /* ImagePreloaderView.swift in Sources */,
				63D7211128E737AA0026D7E5 /* InputFormModel.swift in Sources */,
				2459CF8528F9CE4A00507DD7 /* DetailTableViewController.swift in Sources */,
				63D720D128E7334E0026D7E5 /* Types.swift in Sources */,
				63D720C928E7321E0026D7E5 /* ApplicationCoordinator.swift in Sources */,
				242B8E03291AAD400074378F /* HeroesViewController.swift in Sources */,
				63D720F028E735540026D7E5 /* APIClient.swift in Sources */,
			);
			runOnlyForDeploymentPostprocessing = 0;
		};
/* End PBXSourcesBuildPhase section */

/* Begin PBXVariantGroup section */
		63D7209628E6D0930026D7E5 /* LaunchScreen.storyboard */ = {
			isa = PBXVariantGroup;
			children = (
				63D7209728E6D0930026D7E5 /* Base */,
			);
			name = LaunchScreen.storyboard;
			sourceTree = "<group>";
		};
/* End PBXVariantGroup section */

/* Begin XCBuildConfiguration section */
		63D7209A28E6D0930026D7E5 /* Debug */ = {
			isa = XCBuildConfiguration;
			buildSettings = {
				ALWAYS_SEARCH_USER_PATHS = NO;
				CLANG_ANALYZER_NONNULL = YES;
				CLANG_ANALYZER_NUMBER_OBJECT_CONVERSION = YES_AGGRESSIVE;
				CLANG_CXX_LANGUAGE_STANDARD = "gnu++17";
				CLANG_ENABLE_MODULES = YES;
				CLANG_ENABLE_OBJC_ARC = YES;
				CLANG_ENABLE_OBJC_WEAK = YES;
				CLANG_WARN_BLOCK_CAPTURE_AUTORELEASING = YES;
				CLANG_WARN_BOOL_CONVERSION = YES;
				CLANG_WARN_COMMA = YES;
				CLANG_WARN_CONSTANT_CONVERSION = YES;
				CLANG_WARN_DEPRECATED_OBJC_IMPLEMENTATIONS = YES;
				CLANG_WARN_DIRECT_OBJC_ISA_USAGE = YES_ERROR;
				CLANG_WARN_DOCUMENTATION_COMMENTS = YES;
				CLANG_WARN_EMPTY_BODY = YES;
				CLANG_WARN_ENUM_CONVERSION = YES;
				CLANG_WARN_INFINITE_RECURSION = YES;
				CLANG_WARN_INT_CONVERSION = YES;
				CLANG_WARN_NON_LITERAL_NULL_CONVERSION = YES;
				CLANG_WARN_OBJC_IMPLICIT_RETAIN_SELF = YES;
				CLANG_WARN_OBJC_LITERAL_CONVERSION = YES;
				CLANG_WARN_OBJC_ROOT_CLASS = YES_ERROR;
				CLANG_WARN_QUOTED_INCLUDE_IN_FRAMEWORK_HEADER = YES;
				CLANG_WARN_RANGE_LOOP_ANALYSIS = YES;
				CLANG_WARN_STRICT_PROTOTYPES = YES;
				CLANG_WARN_SUSPICIOUS_MOVE = YES;
				CLANG_WARN_UNGUARDED_AVAILABILITY = YES_AGGRESSIVE;
				CLANG_WARN_UNREACHABLE_CODE = YES;
				CLANG_WARN__DUPLICATE_METHOD_MATCH = YES;
				COPY_PHASE_STRIP = NO;
				DEBUG_INFORMATION_FORMAT = dwarf;
				ENABLE_STRICT_OBJC_MSGSEND = YES;
				ENABLE_TESTABILITY = YES;
				GCC_C_LANGUAGE_STANDARD = gnu11;
				GCC_DYNAMIC_NO_PIC = NO;
				GCC_NO_COMMON_BLOCKS = YES;
				GCC_OPTIMIZATION_LEVEL = 0;
				GCC_PREPROCESSOR_DEFINITIONS = (
					"DEBUG=1",
					"$(inherited)",
				);
				GCC_WARN_64_TO_32_BIT_CONVERSION = YES;
				GCC_WARN_ABOUT_RETURN_TYPE = YES_ERROR;
				GCC_WARN_UNDECLARED_SELECTOR = YES;
				GCC_WARN_UNINITIALIZED_AUTOS = YES_AGGRESSIVE;
				GCC_WARN_UNUSED_FUNCTION = YES;
				GCC_WARN_UNUSED_VARIABLE = YES;
				IPHONEOS_DEPLOYMENT_TARGET = 15.4;
				MTL_ENABLE_DEBUG_INFO = INCLUDE_SOURCE;
				MTL_FAST_MATH = YES;
				ONLY_ACTIVE_ARCH = YES;
				SDKROOT = iphoneos;
				SWIFT_ACTIVE_COMPILATION_CONDITIONS = DEBUG;
				SWIFT_OPTIMIZATION_LEVEL = "-Onone";
			};
			name = Debug;
		};
		63D7209B28E6D0930026D7E5 /* Release */ = {
			isa = XCBuildConfiguration;
			buildSettings = {
				ALWAYS_SEARCH_USER_PATHS = NO;
				CLANG_ANALYZER_NONNULL = YES;
				CLANG_ANALYZER_NUMBER_OBJECT_CONVERSION = YES_AGGRESSIVE;
				CLANG_CXX_LANGUAGE_STANDARD = "gnu++17";
				CLANG_ENABLE_MODULES = YES;
				CLANG_ENABLE_OBJC_ARC = YES;
				CLANG_ENABLE_OBJC_WEAK = YES;
				CLANG_WARN_BLOCK_CAPTURE_AUTORELEASING = YES;
				CLANG_WARN_BOOL_CONVERSION = YES;
				CLANG_WARN_COMMA = YES;
				CLANG_WARN_CONSTANT_CONVERSION = YES;
				CLANG_WARN_DEPRECATED_OBJC_IMPLEMENTATIONS = YES;
				CLANG_WARN_DIRECT_OBJC_ISA_USAGE = YES_ERROR;
				CLANG_WARN_DOCUMENTATION_COMMENTS = YES;
				CLANG_WARN_EMPTY_BODY = YES;
				CLANG_WARN_ENUM_CONVERSION = YES;
				CLANG_WARN_INFINITE_RECURSION = YES;
				CLANG_WARN_INT_CONVERSION = YES;
				CLANG_WARN_NON_LITERAL_NULL_CONVERSION = YES;
				CLANG_WARN_OBJC_IMPLICIT_RETAIN_SELF = YES;
				CLANG_WARN_OBJC_LITERAL_CONVERSION = YES;
				CLANG_WARN_OBJC_ROOT_CLASS = YES_ERROR;
				CLANG_WARN_QUOTED_INCLUDE_IN_FRAMEWORK_HEADER = YES;
				CLANG_WARN_RANGE_LOOP_ANALYSIS = YES;
				CLANG_WARN_STRICT_PROTOTYPES = YES;
				CLANG_WARN_SUSPICIOUS_MOVE = YES;
				CLANG_WARN_UNGUARDED_AVAILABILITY = YES_AGGRESSIVE;
				CLANG_WARN_UNREACHABLE_CODE = YES;
				CLANG_WARN__DUPLICATE_METHOD_MATCH = YES;
				COPY_PHASE_STRIP = NO;
				DEBUG_INFORMATION_FORMAT = "dwarf-with-dsym";
				ENABLE_NS_ASSERTIONS = NO;
				ENABLE_STRICT_OBJC_MSGSEND = YES;
				GCC_C_LANGUAGE_STANDARD = gnu11;
				GCC_NO_COMMON_BLOCKS = YES;
				GCC_WARN_64_TO_32_BIT_CONVERSION = YES;
				GCC_WARN_ABOUT_RETURN_TYPE = YES_ERROR;
				GCC_WARN_UNDECLARED_SELECTOR = YES;
				GCC_WARN_UNINITIALIZED_AUTOS = YES_AGGRESSIVE;
				GCC_WARN_UNUSED_FUNCTION = YES;
				GCC_WARN_UNUSED_VARIABLE = YES;
				IPHONEOS_DEPLOYMENT_TARGET = 15.4;
				MTL_ENABLE_DEBUG_INFO = NO;
				MTL_FAST_MATH = YES;
				SDKROOT = iphoneos;
				SWIFT_COMPILATION_MODE = wholemodule;
				SWIFT_OPTIMIZATION_LEVEL = "-O";
				VALIDATE_PRODUCT = YES;
			};
			name = Release;
		};
		63D7209D28E6D0930026D7E5 /* Debug */ = {
			isa = XCBuildConfiguration;
			baseConfigurationReference = 0140CB36852DA7E7341FDB99 /* Pods-Education.debug.xcconfig */;
			buildSettings = {
				ASSETCATALOG_COMPILER_APPICON_NAME = AppIcon;
				ASSETCATALOG_COMPILER_GLOBAL_ACCENT_COLOR_NAME = AccentColor;
				CLANG_ENABLE_MODULES = YES;
				CODE_SIGN_STYLE = Automatic;
				CURRENT_PROJECT_VERSION = 1;
				DEVELOPMENT_TEAM = 837FB2P3KJ;
				GENERATE_INFOPLIST_FILE = YES;
				INFOPLIST_FILE = education/Info.plist;
				INFOPLIST_KEY_UIApplicationSupportsIndirectInputEvents = YES;
				INFOPLIST_KEY_UILaunchStoryboardName = LaunchScreen;
				INFOPLIST_KEY_UISupportedInterfaceOrientations_iPad = "UIInterfaceOrientationPortrait UIInterfaceOrientationPortraitUpsideDown UIInterfaceOrientationLandscapeLeft UIInterfaceOrientationLandscapeRight";
				INFOPLIST_KEY_UISupportedInterfaceOrientations_iPhone = "UIInterfaceOrientationPortrait UIInterfaceOrientationLandscapeLeft UIInterfaceOrientationLandscapeRight";
				IPHONEOS_DEPLOYMENT_TARGET = 13.0;
				LD_RUNPATH_SEARCH_PATHS = (
					"$(inherited)",
					"@executable_path/Frameworks",
				);
				MARKETING_VERSION = 1.0;
				PRODUCT_BUNDLE_IDENTIFIER = com.mriyadev.education;
				PRODUCT_NAME = "$(TARGET_NAME)";
				SWIFT_EMIT_LOC_STRINGS = YES;
				SWIFT_OPTIMIZATION_LEVEL = "-Onone";
				SWIFT_VERSION = 5.0;
				TARGETED_DEVICE_FAMILY = "1,2";
			};
			name = Debug;
		};
		63D7209E28E6D0930026D7E5 /* Release */ = {
			isa = XCBuildConfiguration;
			baseConfigurationReference = 35553260E867A0BE2568D4D2 /* Pods-Education.release.xcconfig */;
			buildSettings = {
				ASSETCATALOG_COMPILER_APPICON_NAME = AppIcon;
				ASSETCATALOG_COMPILER_GLOBAL_ACCENT_COLOR_NAME = AccentColor;
				CLANG_ENABLE_MODULES = YES;
				CODE_SIGN_STYLE = Automatic;
				CURRENT_PROJECT_VERSION = 1;
				DEVELOPMENT_TEAM = 837FB2P3KJ;
				GENERATE_INFOPLIST_FILE = YES;
				INFOPLIST_FILE = education/Info.plist;
				INFOPLIST_KEY_UIApplicationSupportsIndirectInputEvents = YES;
				INFOPLIST_KEY_UILaunchStoryboardName = LaunchScreen;
				INFOPLIST_KEY_UISupportedInterfaceOrientations_iPad = "UIInterfaceOrientationPortrait UIInterfaceOrientationPortraitUpsideDown UIInterfaceOrientationLandscapeLeft UIInterfaceOrientationLandscapeRight";
				INFOPLIST_KEY_UISupportedInterfaceOrientations_iPhone = "UIInterfaceOrientationPortrait UIInterfaceOrientationLandscapeLeft UIInterfaceOrientationLandscapeRight";
				IPHONEOS_DEPLOYMENT_TARGET = 13.0;
				LD_RUNPATH_SEARCH_PATHS = (
					"$(inherited)",
					"@executable_path/Frameworks",
				);
				MARKETING_VERSION = 1.0;
				PRODUCT_BUNDLE_IDENTIFIER = com.mriyadev.education;
				PRODUCT_NAME = "$(TARGET_NAME)";
				SWIFT_EMIT_LOC_STRINGS = YES;
				SWIFT_VERSION = 5.0;
				TARGETED_DEVICE_FAMILY = "1,2";
			};
			name = Release;
		};
/* End XCBuildConfiguration section */

/* Begin XCConfigurationList section */
		63D7208328E6D0910026D7E5 /* Build configuration list for PBXProject "Education" */ = {
			isa = XCConfigurationList;
			buildConfigurations = (
				63D7209A28E6D0930026D7E5 /* Debug */,
				63D7209B28E6D0930026D7E5 /* Release */,
			);
			defaultConfigurationIsVisible = 0;
			defaultConfigurationName = Release;
		};
		63D7209C28E6D0930026D7E5 /* Build configuration list for PBXNativeTarget "Education" */ = {
			isa = XCConfigurationList;
			buildConfigurations = (
				63D7209D28E6D0930026D7E5 /* Debug */,
				63D7209E28E6D0930026D7E5 /* Release */,
			);
			defaultConfigurationIsVisible = 0;
			defaultConfigurationName = Release;
		};
/* End XCConfigurationList section */
	};
	rootObject = 63D7208028E6D0910026D7E5 /* Project object */;
}
